lockfileVersion: '6.0'

settings:
  autoInstallPeers: true
  excludeLinksFromLockfile: false

dependencies:
  '@actions/core':
    specifier: ^1.10.1
    version: 1.10.1
  '@aws-sdk/client-s3':
    specifier: ^3.445.0
    version: 3.445.0
  klaw-sync:
    specifier: ^6.0.0
    version: 6.0.0
  mime-types:
    specifier: ^2.1.35
    version: 2.1.35

devDependencies:
  '@vercel/ncc':
    specifier: ^0.38.1
    version: 0.38.1

packages:

  /@actions/core@1.10.1:
    resolution: {integrity: sha512-3lBR9EDAY+iYIpTnTIXmWcNbX3T2kCkAEQGIQx4NVQ0575nk2k3GRZDTPQG+vVtS2izSLmINlxXf0uLtnrTP+g==}
    dependencies:
      '@actions/http-client': 2.2.0
      uuid: 8.3.2
    dev: false

  /@actions/http-client@2.2.0:
    resolution: {integrity: sha512-q+epW0trjVUUHboliPb4UF9g2msf+w61b32tAkFEwL/IwP0DQWgbCMM0Hbe3e3WXSKz5VcUXbzJQgy8Hkra/Lg==}
    dependencies:
      tunnel: 0.0.6
      undici: 5.27.2
    dev: false

  /@aws-crypto/crc32@3.0.0:
    resolution: {integrity: sha512-IzSgsrxUcsrejQbPVilIKy16kAT52EwB6zSaI+M3xxIhKh5+aldEyvI+z6erM7TCLB2BJsFrtHjp6/4/sr+3dA==}
    dependencies:
      '@aws-crypto/util': 3.0.0
      '@aws-sdk/types': 3.433.0
      tslib: 1.14.1
    dev: false

  /@aws-crypto/crc32c@3.0.0:
    resolution: {integrity: sha512-ENNPPManmnVJ4BTXlOjAgD7URidbAznURqD0KvfREyc4o20DPYdEldU1f5cQ7Jbj0CJJSPaMIk/9ZshdB3210w==}
    dependencies:
      '@aws-crypto/util': 3.0.0
      '@aws-sdk/types': 3.433.0
      tslib: 1.14.1
    dev: false

  /@aws-crypto/ie11-detection@3.0.0:
    resolution: {integrity: sha512-341lBBkiY1DfDNKai/wXM3aujNBkXR7tq1URPQDL9wi3AUbI80NR74uF1TXHMm7po1AcnFk8iu2S2IeU/+/A+Q==}
    dependencies:
      tslib: 1.14.1
    dev: false

  /@aws-crypto/sha1-browser@3.0.0:
    resolution: {integrity: sha512-NJth5c997GLHs6nOYTzFKTbYdMNA6/1XlKVgnZoaZcQ7z7UJlOgj2JdbHE8tiYLS3fzXNCguct77SPGat2raSw==}
    dependencies:
      '@aws-crypto/ie11-detection': 3.0.0
      '@aws-crypto/supports-web-crypto': 3.0.0
      '@aws-crypto/util': 3.0.0
      '@aws-sdk/types': 3.433.0
      '@aws-sdk/util-locate-window': 3.310.0
      '@aws-sdk/util-utf8-browser': 3.259.0
      tslib: 1.14.1
    dev: false

  /@aws-crypto/sha256-browser@3.0.0:
    resolution: {integrity: sha512-8VLmW2B+gjFbU5uMeqtQM6Nj0/F1bro80xQXCW6CQBWgosFWXTx77aeOF5CAIAmbOK64SdMBJdNr6J41yP5mvQ==}
    dependencies:
      '@aws-crypto/ie11-detection': 3.0.0
      '@aws-crypto/sha256-js': 3.0.0
      '@aws-crypto/supports-web-crypto': 3.0.0
      '@aws-crypto/util': 3.0.0
      '@aws-sdk/types': 3.433.0
      '@aws-sdk/util-locate-window': 3.310.0
      '@aws-sdk/util-utf8-browser': 3.259.0
      tslib: 1.14.1
    dev: false

  /@aws-crypto/sha256-js@3.0.0:
    resolution: {integrity: sha512-PnNN7os0+yd1XvXAy23CFOmTbMaDxgxXtTKHybrJ39Y8kGzBATgBFibWJKH6BhytLI/Zyszs87xCOBNyBig6vQ==}
    dependencies:
      '@aws-crypto/util': 3.0.0
      '@aws-sdk/types': 3.433.0
      tslib: 1.14.1
    dev: false

  /@aws-crypto/supports-web-crypto@3.0.0:
    resolution: {integrity: sha512-06hBdMwUAb2WFTuGG73LSC0wfPu93xWwo5vL2et9eymgmu3Id5vFAHBbajVWiGhPO37qcsdCap/FqXvJGJWPIg==}
    dependencies:
      tslib: 1.14.1
    dev: false

  /@aws-crypto/util@3.0.0:
    resolution: {integrity: sha512-2OJlpeJpCR48CC8r+uKVChzs9Iungj9wkZrl8Z041DWEWvyIHILYKCPNzJghKsivj+S3mLo6BVc7mBNzdxA46w==}
    dependencies:
      '@aws-sdk/types': 3.433.0
      '@aws-sdk/util-utf8-browser': 3.259.0
      tslib: 1.14.1
    dev: false

  /@aws-sdk/client-s3@3.445.0:
    resolution: {integrity: sha512-2G+3MnO78irZRjlfkdvtlKRQ3yuOfrRMg8mztKpMw0q/9WHtwCcmaUUpl1bXwJ+BcNTVHopLQXdbzCeaxxI92w==}
    engines: {node: '>=14.0.0'}
    dependencies:
      '@aws-crypto/sha1-browser': 3.0.0
      '@aws-crypto/sha256-browser': 3.0.0
      '@aws-crypto/sha256-js': 3.0.0
      '@aws-sdk/client-sts': 3.445.0
      '@aws-sdk/core': 3.445.0
      '@aws-sdk/credential-provider-node': 3.445.0
      '@aws-sdk/middleware-bucket-endpoint': 3.433.0
      '@aws-sdk/middleware-expect-continue': 3.433.0
      '@aws-sdk/middleware-flexible-checksums': 3.433.0
      '@aws-sdk/middleware-host-header': 3.433.0
      '@aws-sdk/middleware-location-constraint': 3.433.0
      '@aws-sdk/middleware-logger': 3.433.0
      '@aws-sdk/middleware-recursion-detection': 3.433.0
      '@aws-sdk/middleware-sdk-s3': 3.440.0
      '@aws-sdk/middleware-signing': 3.433.0
      '@aws-sdk/middleware-ssec': 3.433.0
      '@aws-sdk/middleware-user-agent': 3.438.0
      '@aws-sdk/region-config-resolver': 3.433.0
      '@aws-sdk/signature-v4-multi-region': 3.437.0
      '@aws-sdk/types': 3.433.0
      '@aws-sdk/util-endpoints': 3.438.0
      '@aws-sdk/util-user-agent-browser': 3.433.0
      '@aws-sdk/util-user-agent-node': 3.437.0
      '@aws-sdk/xml-builder': 3.310.0
      '@smithy/config-resolver': 2.0.16
      '@smithy/eventstream-serde-browser': 2.0.12
      '@smithy/eventstream-serde-config-resolver': 2.0.12
      '@smithy/eventstream-serde-node': 2.0.12
      '@smithy/fetch-http-handler': 2.2.4
      '@smithy/hash-blob-browser': 2.0.12
      '@smithy/hash-node': 2.0.12
      '@smithy/hash-stream-node': 2.0.12
      '@smithy/invalid-dependency': 2.0.12
      '@smithy/md5-js': 2.0.12
      '@smithy/middleware-content-length': 2.0.14
      '@smithy/middleware-endpoint': 2.1.3
      '@smithy/middleware-retry': 2.0.18
      '@smithy/middleware-serde': 2.0.12
      '@smithy/middleware-stack': 2.0.6
      '@smithy/node-config-provider': 2.1.3
      '@smithy/node-http-handler': 2.1.8
      '@smithy/protocol-http': 3.0.8
      '@smithy/smithy-client': 2.1.12
      '@smithy/types': 2.4.0
      '@smithy/url-parser': 2.0.12
      '@smithy/util-base64': 2.0.0
      '@smithy/util-body-length-browser': 2.0.0
      '@smithy/util-body-length-node': 2.1.0
      '@smithy/util-defaults-mode-browser': 2.0.16
      '@smithy/util-defaults-mode-node': 2.0.21
      '@smithy/util-endpoints': 1.0.2
      '@smithy/util-retry': 2.0.5
      '@smithy/util-stream': 2.0.17
      '@smithy/util-utf8': 2.0.0
      '@smithy/util-waiter': 2.0.12
      fast-xml-parser: 4.2.5
      tslib: 2.6.2
    transitivePeerDependencies:
      - aws-crt
    dev: false

  /@aws-sdk/client-sso@3.445.0:
    resolution: {integrity: sha512-me4LvqNnu6kxi+sW7t0AgMv1Yi64ikas0x2+5jv23o6Csg32w0S0xOjCTKQYahOA5CMFunWvlkFIfxbqs+Uo7w==}
    engines: {node: '>=14.0.0'}
    dependencies:
      '@aws-crypto/sha256-browser': 3.0.0
      '@aws-crypto/sha256-js': 3.0.0
      '@aws-sdk/core': 3.445.0
      '@aws-sdk/middleware-host-header': 3.433.0
      '@aws-sdk/middleware-logger': 3.433.0
      '@aws-sdk/middleware-recursion-detection': 3.433.0
      '@aws-sdk/middleware-user-agent': 3.438.0
      '@aws-sdk/region-config-resolver': 3.433.0
      '@aws-sdk/types': 3.433.0
      '@aws-sdk/util-endpoints': 3.438.0
      '@aws-sdk/util-user-agent-browser': 3.433.0
      '@aws-sdk/util-user-agent-node': 3.437.0
      '@smithy/config-resolver': 2.0.16
      '@smithy/fetch-http-handler': 2.2.4
      '@smithy/hash-node': 2.0.12
      '@smithy/invalid-dependency': 2.0.12
      '@smithy/middleware-content-length': 2.0.14
      '@smithy/middleware-endpoint': 2.1.3
      '@smithy/middleware-retry': 2.0.18
      '@smithy/middleware-serde': 2.0.12
      '@smithy/middleware-stack': 2.0.6
      '@smithy/node-config-provider': 2.1.3
      '@smithy/node-http-handler': 2.1.8
      '@smithy/protocol-http': 3.0.8
      '@smithy/smithy-client': 2.1.12
      '@smithy/types': 2.4.0
      '@smithy/url-parser': 2.0.12
      '@smithy/util-base64': 2.0.0
      '@smithy/util-body-length-browser': 2.0.0
      '@smithy/util-body-length-node': 2.1.0
      '@smithy/util-defaults-mode-browser': 2.0.16
      '@smithy/util-defaults-mode-node': 2.0.21
      '@smithy/util-endpoints': 1.0.2
      '@smithy/util-retry': 2.0.5
      '@smithy/util-utf8': 2.0.0
      tslib: 2.6.2
    transitivePeerDependencies:
      - aws-crt
    dev: false

  /@aws-sdk/client-sts@3.445.0:
    resolution: {integrity: sha512-ogbdqrS8x9O5BTot826iLnTQ6i4/F5BSi/74gycneCxYmAnYnyUBNOWVnynv6XZiEWyDJQCU2UtMd52aNGW1GA==}
    engines: {node: '>=14.0.0'}
    dependencies:
      '@aws-crypto/sha256-browser': 3.0.0
      '@aws-crypto/sha256-js': 3.0.0
      '@aws-sdk/core': 3.445.0
      '@aws-sdk/credential-provider-node': 3.445.0
      '@aws-sdk/middleware-host-header': 3.433.0
      '@aws-sdk/middleware-logger': 3.433.0
      '@aws-sdk/middleware-recursion-detection': 3.433.0
      '@aws-sdk/middleware-sdk-sts': 3.433.0
      '@aws-sdk/middleware-signing': 3.433.0
      '@aws-sdk/middleware-user-agent': 3.438.0
      '@aws-sdk/region-config-resolver': 3.433.0
      '@aws-sdk/types': 3.433.0
      '@aws-sdk/util-endpoints': 3.438.0
      '@aws-sdk/util-user-agent-browser': 3.433.0
      '@aws-sdk/util-user-agent-node': 3.437.0
      '@smithy/config-resolver': 2.0.16
      '@smithy/fetch-http-handler': 2.2.4
      '@smithy/hash-node': 2.0.12
      '@smithy/invalid-dependency': 2.0.12
      '@smithy/middleware-content-length': 2.0.14
      '@smithy/middleware-endpoint': 2.1.3
      '@smithy/middleware-retry': 2.0.18
      '@smithy/middleware-serde': 2.0.12
      '@smithy/middleware-stack': 2.0.6
      '@smithy/node-config-provider': 2.1.3
      '@smithy/node-http-handler': 2.1.8
      '@smithy/protocol-http': 3.0.8
      '@smithy/smithy-client': 2.1.12
      '@smithy/types': 2.4.0
      '@smithy/url-parser': 2.0.12
      '@smithy/util-base64': 2.0.0
      '@smithy/util-body-length-browser': 2.0.0
      '@smithy/util-body-length-node': 2.1.0
      '@smithy/util-defaults-mode-browser': 2.0.16
      '@smithy/util-defaults-mode-node': 2.0.21
      '@smithy/util-endpoints': 1.0.2
      '@smithy/util-retry': 2.0.5
      '@smithy/util-utf8': 2.0.0
      fast-xml-parser: 4.2.5
      tslib: 2.6.2
    transitivePeerDependencies:
      - aws-crt
    dev: false

  /@aws-sdk/core@3.445.0:
    resolution: {integrity: sha512-6GYLElUG1QTOdmXG8zXa+Ull9IUeSeItKDYHKzHYfIkbsagMfYlf7wm9XIYlatjtgodNfZ3gPHAJfRyPmwKrsg==}
    engines: {node: '>=14.0.0'}
    dependencies:
      '@smithy/smithy-client': 2.1.12
      tslib: 2.6.2
    dev: false

  /@aws-sdk/credential-provider-env@3.433.0:
    resolution: {integrity: sha512-Vl7Qz5qYyxBurMn6hfSiNJeUHSqfVUlMt0C1Bds3tCkl3IzecRWwyBOlxtxO3VCrgVeW3HqswLzCvhAFzPH6nQ==}
    engines: {node: '>=14.0.0'}
    dependencies:
      '@aws-sdk/types': 3.433.0
      '@smithy/property-provider': 2.0.13
      '@smithy/types': 2.4.0
      tslib: 2.6.2
    dev: false

  /@aws-sdk/credential-provider-ini@3.445.0:
    resolution: {integrity: sha512-R7IYSGjNZ5KKJwQJ2HNPemjpAMWvdce91i8w+/aHfqeGfTXrmYJu99PeGRyyBTKEumBaojyjTRvmO8HzS+/l7g==}
    engines: {node: '>=14.0.0'}
    dependencies:
      '@aws-sdk/credential-provider-env': 3.433.0
      '@aws-sdk/credential-provider-process': 3.433.0
      '@aws-sdk/credential-provider-sso': 3.445.0
      '@aws-sdk/credential-provider-web-identity': 3.433.0
      '@aws-sdk/types': 3.433.0
      '@smithy/credential-provider-imds': 2.0.18
      '@smithy/property-provider': 2.0.13
      '@smithy/shared-ini-file-loader': 2.2.2
      '@smithy/types': 2.4.0
      tslib: 2.6.2
    transitivePeerDependencies:
      - aws-crt
    dev: false

  /@aws-sdk/credential-provider-node@3.445.0:
    resolution: {integrity: sha512-zI4k4foSjQRKNEsouculRcz7IbLfuqdFxypDLYwn+qPNMqJwWJ7VxOOeBSPUpHFcd7CLSfbHN2JAhQ7M02gPTA==}
    engines: {node: '>=14.0.0'}
    dependencies:
      '@aws-sdk/credential-provider-env': 3.433.0
      '@aws-sdk/credential-provider-ini': 3.445.0
      '@aws-sdk/credential-provider-process': 3.433.0
      '@aws-sdk/credential-provider-sso': 3.445.0
      '@aws-sdk/credential-provider-web-identity': 3.433.0
      '@aws-sdk/types': 3.433.0
      '@smithy/credential-provider-imds': 2.0.18
      '@smithy/property-provider': 2.0.13
      '@smithy/shared-ini-file-loader': 2.2.2
      '@smithy/types': 2.4.0
      tslib: 2.6.2
    transitivePeerDependencies:
      - aws-crt
    dev: false

  /@aws-sdk/credential-provider-process@3.433.0:
    resolution: {integrity: sha512-W7FcGlQjio9Y/PepcZGRyl5Bpwb0uWU7qIUCh+u4+q2mW4D5ZngXg8V/opL9/I/p4tUH9VXZLyLGwyBSkdhL+A==}
    engines: {node: '>=14.0.0'}
    dependencies:
      '@aws-sdk/types': 3.433.0
      '@smithy/property-provider': 2.0.13
      '@smithy/shared-ini-file-loader': 2.2.2
      '@smithy/types': 2.4.0
      tslib: 2.6.2
    dev: false

  /@aws-sdk/credential-provider-sso@3.445.0:
    resolution: {integrity: sha512-gJz7kAiDecdhtApgXnxfZsXKsww8BnifDF9MAx9Dr4X6no47qYsCCS3XPuEyRiF9VebXvHOH0H260Zp3bVyniQ==}
    engines: {node: '>=14.0.0'}
    dependencies:
      '@aws-sdk/client-sso': 3.445.0
      '@aws-sdk/token-providers': 3.438.0
      '@aws-sdk/types': 3.433.0
      '@smithy/property-provider': 2.0.13
      '@smithy/shared-ini-file-loader': 2.2.2
      '@smithy/types': 2.4.0
      tslib: 2.6.2
    transitivePeerDependencies:
      - aws-crt
    dev: false

  /@aws-sdk/credential-provider-web-identity@3.433.0:
    resolution: {integrity: sha512-RlwjP1I5wO+aPpwyCp23Mk8nmRbRL33hqRASy73c4JA2z2YiRua+ryt6MalIxehhwQU6xvXUKulJnPG9VaMFZg==}
    engines: {node: '>=14.0.0'}
    dependencies:
      '@aws-sdk/types': 3.433.0
      '@smithy/property-provider': 2.0.13
      '@smithy/types': 2.4.0
      tslib: 2.6.2
    dev: false

  /@aws-sdk/middleware-bucket-endpoint@3.433.0:
    resolution: {integrity: sha512-Lk1xIu2tWTRa1zDw5hCF1RrpWQYSodUhrS/q3oKz8IAoFqEy+lNaD5jx+fycuZb5EkE4IzWysT+8wVkd0mAnOg==}
    engines: {node: '>=14.0.0'}
    dependencies:
      '@aws-sdk/types': 3.433.0
      '@aws-sdk/util-arn-parser': 3.310.0
      '@smithy/node-config-provider': 2.1.3
      '@smithy/protocol-http': 3.0.8
      '@smithy/types': 2.4.0
      '@smithy/util-config-provider': 2.0.0
      tslib: 2.6.2
    dev: false

  /@aws-sdk/middleware-expect-continue@3.433.0:
    resolution: {integrity: sha512-Uq2rPIsjz0CR2sulM/HyYr5WiqiefrSRLdwUZuA7opxFSfE808w5DBWSprHxbH3rbDSQR4nFiOiVYIH8Eth7nA==}
    engines: {node: '>=14.0.0'}
    dependencies:
      '@aws-sdk/types': 3.433.0
      '@smithy/protocol-http': 3.0.8
      '@smithy/types': 2.4.0
      tslib: 2.6.2
    dev: false

  /@aws-sdk/middleware-flexible-checksums@3.433.0:
    resolution: {integrity: sha512-Ptssx373+I7EzFUWjp/i/YiNFt6I6sDuRHz6DOUR9nmmRTlHHqmdcBXlJL2d9wwFxoBRCN8/PXGsTc/DJ4c95Q==}
    engines: {node: '>=14.0.0'}
    dependencies:
      '@aws-crypto/crc32': 3.0.0
      '@aws-crypto/crc32c': 3.0.0
      '@aws-sdk/types': 3.433.0
      '@smithy/is-array-buffer': 2.0.0
      '@smithy/protocol-http': 3.0.8
      '@smithy/types': 2.4.0
      '@smithy/util-utf8': 2.0.0
      tslib: 2.6.2
    dev: false

  /@aws-sdk/middleware-host-header@3.433.0:
    resolution: {integrity: sha512-mBTq3UWv1UzeHG+OfUQ2MB/5GEkt5LTKFaUqzL7ESwzW8XtpBgXnjZvIwu3Vcd3sEetMwijwaGiJhY0ae/YyaA==}
    engines: {node: '>=14.0.0'}
    dependencies:
      '@aws-sdk/types': 3.433.0
      '@smithy/protocol-http': 3.0.8
      '@smithy/types': 2.4.0
      tslib: 2.6.2
    dev: false

  /@aws-sdk/middleware-location-constraint@3.433.0:
    resolution: {integrity: sha512-2YD860TGntwZifIUbxm+lFnNJJhByR/RB/+fV1I8oGKg+XX2rZU+94pRfHXRywoZKlCA0L+LGDA1I56jxrB9sw==}
    engines: {node: '>=14.0.0'}
    dependencies:
      '@aws-sdk/types': 3.433.0
      '@smithy/types': 2.4.0
      tslib: 2.6.2
    dev: false

  /@aws-sdk/middleware-logger@3.433.0:
    resolution: {integrity: sha512-We346Fb5xGonTGVZC9Nvqtnqy74VJzYuTLLiuuftA5sbNzftBDy/22QCfvYSTOAl3bvif+dkDUzQY2ihc5PwOQ==}
    engines: {node: '>=14.0.0'}
    dependencies:
      '@aws-sdk/types': 3.433.0
      '@smithy/types': 2.4.0
      tslib: 2.6.2
    dev: false

  /@aws-sdk/middleware-recursion-detection@3.433.0:
    resolution: {integrity: sha512-HEvYC9PQlWY/ccUYtLvAlwwf1iCif2TSAmLNr3YTBRVa98x6jKL0hlCrHWYklFeqOGSKy6XhE+NGJMUII0/HaQ==}
    engines: {node: '>=14.0.0'}
    dependencies:
      '@aws-sdk/types': 3.433.0
      '@smithy/protocol-http': 3.0.8
      '@smithy/types': 2.4.0
      tslib: 2.6.2
    dev: false

  /@aws-sdk/middleware-sdk-s3@3.440.0:
    resolution: {integrity: sha512-DVTSr+82Z8jR9xTwDN3YHzxX7qvi0n96V92OfxvSRDq2BldCEx/KEL1orUZjw97SAXhINOlUWjRR7j4HpwWQtQ==}
    engines: {node: '>=14.0.0'}
    dependencies:
      '@aws-sdk/types': 3.433.0
      '@aws-sdk/util-arn-parser': 3.310.0
      '@smithy/protocol-http': 3.0.8
      '@smithy/smithy-client': 2.1.12
      '@smithy/types': 2.4.0
      tslib: 2.6.2
    dev: false

  /@aws-sdk/middleware-sdk-sts@3.433.0:
    resolution: {integrity: sha512-ORYbJnBejUyonFl5FwIqhvI3Cq6sAp9j+JpkKZtFNma9tFPdrhmYgfCeNH32H/wGTQV/tUoQ3luh0gA4cuk6DA==}
    engines: {node: '>=14.0.0'}
    dependencies:
      '@aws-sdk/middleware-signing': 3.433.0
      '@aws-sdk/types': 3.433.0
      '@smithy/types': 2.4.0
      tslib: 2.6.2
    dev: false

  /@aws-sdk/middleware-signing@3.433.0:
    resolution: {integrity: sha512-jxPvt59NZo/epMNLNTu47ikmP8v0q217I6bQFGJG7JVFnfl36zDktMwGw+0xZR80qiK47/2BWrNpta61Zd2FxQ==}
    engines: {node: '>=14.0.0'}
    dependencies:
      '@aws-sdk/types': 3.433.0
      '@smithy/property-provider': 2.0.13
      '@smithy/protocol-http': 3.0.8
      '@smithy/signature-v4': 2.0.12
      '@smithy/types': 2.4.0
      '@smithy/util-middleware': 2.0.5
      tslib: 2.6.2
    dev: false

  /@aws-sdk/middleware-ssec@3.433.0:
    resolution: {integrity: sha512-2AMaPx0kYfCiekxoL7aqFqSSoA9du+yI4zefpQNLr+1cZOerYiDxdsZ4mbqStR1CVFaX6U6hrYokXzjInsvETw==}
    engines: {node: '>=14.0.0'}
    dependencies:
      '@aws-sdk/types': 3.433.0
      '@smithy/types': 2.4.0
      tslib: 2.6.2
    dev: false

  /@aws-sdk/middleware-user-agent@3.438.0:
    resolution: {integrity: sha512-a+xHT1wOxT6EA6YyLmrfaroKWOkwwyiktUfXKM0FsUutGzNi4fKhb5NZ2al58NsXzHgHFrasSDp+Lqbd/X2cEw==}
    engines: {node: '>=14.0.0'}
    dependencies:
      '@aws-sdk/types': 3.433.0
      '@aws-sdk/util-endpoints': 3.438.0
      '@smithy/protocol-http': 3.0.8
      '@smithy/types': 2.4.0
      tslib: 2.6.2
    dev: false

  /@aws-sdk/region-config-resolver@3.433.0:
    resolution: {integrity: sha512-xpjRjCZW+CDFdcMmmhIYg81ST5UAnJh61IHziQEk0FXONrg4kjyYPZAOjEdzXQ+HxJQuGQLKPhRdzxmQnbX7pg==}
    engines: {node: '>=14.0.0'}
    dependencies:
      '@smithy/node-config-provider': 2.1.3
      '@smithy/types': 2.4.0
      '@smithy/util-config-provider': 2.0.0
      '@smithy/util-middleware': 2.0.5
      tslib: 2.6.2
    dev: false

  /@aws-sdk/signature-v4-multi-region@3.437.0:
    resolution: {integrity: sha512-MmrqudssOs87JgVg7HGVdvJws/t4kcOrJJd+975ki+DPeSoyK2U4zBDfDkJ+n0tFuZBs3sLwLh0QXE7BV28rRA==}
    engines: {node: '>=14.0.0'}
    dependencies:
      '@aws-sdk/types': 3.433.0
      '@smithy/protocol-http': 3.0.8
      '@smithy/signature-v4': 2.0.12
      '@smithy/types': 2.4.0
      tslib: 2.6.2
    dev: false

  /@aws-sdk/token-providers@3.438.0:
    resolution: {integrity: sha512-G2fUfTtU6/1ayYRMu0Pd9Ln4qYSvwJOWCqJMdkDgvXSwdgcOSOLsnAIk1AHGJDAvgLikdCzuyOsdJiexr9Vnww==}
    engines: {node: '>=14.0.0'}
    dependencies:
      '@aws-crypto/sha256-browser': 3.0.0
      '@aws-crypto/sha256-js': 3.0.0
      '@aws-sdk/middleware-host-header': 3.433.0
      '@aws-sdk/middleware-logger': 3.433.0
      '@aws-sdk/middleware-recursion-detection': 3.433.0
      '@aws-sdk/middleware-user-agent': 3.438.0
      '@aws-sdk/region-config-resolver': 3.433.0
      '@aws-sdk/types': 3.433.0
      '@aws-sdk/util-endpoints': 3.438.0
      '@aws-sdk/util-user-agent-browser': 3.433.0
      '@aws-sdk/util-user-agent-node': 3.437.0
      '@smithy/config-resolver': 2.0.16
      '@smithy/fetch-http-handler': 2.2.4
      '@smithy/hash-node': 2.0.12
      '@smithy/invalid-dependency': 2.0.12
      '@smithy/middleware-content-length': 2.0.14
      '@smithy/middleware-endpoint': 2.1.3
      '@smithy/middleware-retry': 2.0.18
      '@smithy/middleware-serde': 2.0.12
      '@smithy/middleware-stack': 2.0.6
      '@smithy/node-config-provider': 2.1.3
      '@smithy/node-http-handler': 2.1.8
      '@smithy/property-provider': 2.0.13
      '@smithy/protocol-http': 3.0.8
      '@smithy/shared-ini-file-loader': 2.2.2
      '@smithy/smithy-client': 2.1.12
      '@smithy/types': 2.4.0
      '@smithy/url-parser': 2.0.12
      '@smithy/util-base64': 2.0.0
      '@smithy/util-body-length-browser': 2.0.0
      '@smithy/util-body-length-node': 2.1.0
      '@smithy/util-defaults-mode-browser': 2.0.16
      '@smithy/util-defaults-mode-node': 2.0.21
      '@smithy/util-endpoints': 1.0.2
      '@smithy/util-retry': 2.0.5
      '@smithy/util-utf8': 2.0.0
      tslib: 2.6.2
    transitivePeerDependencies:
      - aws-crt
    dev: false

  /@aws-sdk/types@3.433.0:
    resolution: {integrity: sha512-0jEE2mSrNDd8VGFjTc1otYrwYPIkzZJEIK90ZxisKvQ/EURGBhNzWn7ejWB9XCMFT6XumYLBR0V9qq5UPisWtA==}
    engines: {node: '>=14.0.0'}
    dependencies:
      '@smithy/types': 2.4.0
      tslib: 2.6.2
    dev: false

  /@aws-sdk/util-arn-parser@3.310.0:
    resolution: {integrity: sha512-jL8509owp/xB9+Or0pvn3Fe+b94qfklc2yPowZZIFAkFcCSIdkIglz18cPDWnYAcy9JGewpMS1COXKIUhZkJsA==}
    engines: {node: '>=14.0.0'}
    dependencies:
      tslib: 2.6.2
    dev: false

  /@aws-sdk/util-endpoints@3.438.0:
    resolution: {integrity: sha512-6VyPTq1kN3GWxwFt5DdZfOsr6cJZPLjWh0troY/0uUv3hK74C9o3Y0Xf/z8UAUvQFkVqZse12O0/BgPVMImvfA==}
    engines: {node: '>=14.0.0'}
    dependencies:
      '@aws-sdk/types': 3.433.0
      '@smithy/util-endpoints': 1.0.2
      tslib: 2.6.2
    dev: false

  /@aws-sdk/util-locate-window@3.310.0:
    resolution: {integrity: sha512-qo2t/vBTnoXpjKxlsC2e1gBrRm80M3bId27r0BRB2VniSSe7bL1mmzM+/HFtujm0iAxtPM+aLEflLJlJeDPg0w==}
    engines: {node: '>=14.0.0'}
    dependencies:
      tslib: 2.6.2
    dev: false

  /@aws-sdk/util-user-agent-browser@3.433.0:
    resolution: {integrity: sha512-2Cf/Lwvxbt5RXvWFXrFr49vXv0IddiUwrZoAiwhDYxvsh+BMnh+NUFot+ZQaTrk/8IPZVDeLPWZRdVy00iaVXQ==}
    dependencies:
      '@aws-sdk/types': 3.433.0
      '@smithy/types': 2.4.0
      bowser: 2.11.0
      tslib: 2.6.2
    dev: false

  /@aws-sdk/util-user-agent-node@3.437.0:
    resolution: {integrity: sha512-JVEcvWaniamtYVPem4UthtCNoTBCfFTwYj7Y3CrWZ2Qic4TqrwLkAfaBGtI2TGrhIClVr77uzLI6exqMTN7orA==}
    engines: {node: '>=14.0.0'}
    peerDependencies:
      aws-crt: '>=1.0.0'
    peerDependenciesMeta:
      aws-crt:
        optional: true
    dependencies:
      '@aws-sdk/types': 3.433.0
      '@smithy/node-config-provider': 2.1.3
      '@smithy/types': 2.4.0
      tslib: 2.6.2
    dev: false

  /@aws-sdk/util-utf8-browser@3.259.0:
    resolution: {integrity: sha512-UvFa/vR+e19XookZF8RzFZBrw2EUkQWxiBW0yYQAhvk3C+QVGl0H3ouca8LDBlBfQKXwmW3huo/59H8rwb1wJw==}
    dependencies:
      tslib: 2.6.2
    dev: false

  /@aws-sdk/xml-builder@3.310.0:
    resolution: {integrity: sha512-TqELu4mOuSIKQCqj63fGVs86Yh+vBx5nHRpWKNUNhB2nPTpfbziTs5c1X358be3peVWA4wPxW7Nt53KIg1tnNw==}
    engines: {node: '>=14.0.0'}
    dependencies:
      tslib: 2.6.2
    dev: false

  /@fastify/busboy@2.0.0:
    resolution: {integrity: sha512-JUFJad5lv7jxj926GPgymrWQxxjPYuJNiNjNMzqT+HiuP6Vl3dk5xzG+8sTX96np0ZAluvaMzPsjhHZ5rNuNQQ==}
    engines: {node: '>=14'}
    dev: false

  /@smithy/abort-controller@2.0.12:
    resolution: {integrity: sha512-YIJyefe1mi3GxKdZxEBEuzYOeQ9xpYfqnFmWzojCssRAuR7ycxwpoRQgp965vuW426xUAQhCV5rCaWElQ7XsaA==}
    engines: {node: '>=14.0.0'}
    dependencies:
      '@smithy/types': 2.4.0
      tslib: 2.6.2
    dev: false

  /@smithy/chunked-blob-reader-native@2.0.0:
    resolution: {integrity: sha512-HM8V2Rp1y8+1343tkZUKZllFhEQPNmpNdgFAncbTsxkZ18/gqjk23XXv3qGyXWp412f3o43ZZ1UZHVcHrpRnCQ==}
    dependencies:
      '@smithy/util-base64': 2.0.0
      tslib: 2.6.2
    dev: false

  /@smithy/chunked-blob-reader@2.0.0:
    resolution: {integrity: sha512-k+J4GHJsMSAIQPChGBrjEmGS+WbPonCXesoqP9fynIqjn7rdOThdH8FAeCmokP9mxTYKQAKoHCLPzNlm6gh7Wg==}
    dependencies:
      tslib: 2.6.2
    dev: false

  /@smithy/config-resolver@2.0.16:
    resolution: {integrity: sha512-1k+FWHQDt2pfpXhJsOmNMmlAZ3NUQ98X5tYsjQhVGq+0X6cOBMhfh6Igd0IX3Ut6lEO6DQAdPMI/blNr3JZfMQ==}
    engines: {node: '>=14.0.0'}
    dependencies:
      '@smithy/node-config-provider': 2.1.3
      '@smithy/types': 2.4.0
      '@smithy/util-config-provider': 2.0.0
      '@smithy/util-middleware': 2.0.5
      tslib: 2.6.2
    dev: false

  /@smithy/credential-provider-imds@2.0.18:
    resolution: {integrity: sha512-QnPBi6D2zj6AHJdUTo5zXmk8vwHJ2bNevhcVned1y+TZz/OI5cizz5DsYNkqFUIDn8tBuEyKNgbmKVNhBbuY3g==}
    engines: {node: '>=14.0.0'}
    dependencies:
      '@smithy/node-config-provider': 2.1.3
      '@smithy/property-provider': 2.0.13
      '@smithy/types': 2.4.0
      '@smithy/url-parser': 2.0.12
      tslib: 2.6.2
    dev: false

  /@smithy/eventstream-codec@2.0.12:
    resolution: {integrity: sha512-ZZQLzHBJkbiAAdj2C5K+lBlYp/XJ+eH2uy+jgJgYIFW/o5AM59Hlj7zyI44/ZTDIQWmBxb3EFv/c5t44V8/g8A==}
    dependencies:
      '@aws-crypto/crc32': 3.0.0
      '@smithy/types': 2.4.0
      '@smithy/util-hex-encoding': 2.0.0
      tslib: 2.6.2
    dev: false

  /@smithy/eventstream-serde-browser@2.0.12:
    resolution: {integrity: sha512-0pi8QlU/pwutNshoeJcbKR1p7Ie5STd8UFAMX5xhSoSJjNlxIv/OsHbF023jscMRN2Prrqd6ToGgdCnsZVQjvg==}
    engines: {node: '>=14.0.0'}
    dependencies:
      '@smithy/eventstream-serde-universal': 2.0.12
      '@smithy/types': 2.4.0
      tslib: 2.6.2
    dev: false

  /@smithy/eventstream-serde-config-resolver@2.0.12:
    resolution: {integrity: sha512-I0XfwQkIX3gAnbrU5rLMkBSjTM9DHttdbLwf12CXmj7SSI5dT87PxtKLRrZGanaCMbdf2yCep+MW5/4M7IbvQA==}
    engines: {node: '>=14.0.0'}
    dependencies:
      '@smithy/types': 2.4.0
      tslib: 2.6.2
    dev: false

  /@smithy/eventstream-serde-node@2.0.12:
    resolution: {integrity: sha512-vf1vMHGOkG3uqN9x1zKOhnvW/XgvhJXWqjV6zZiT2FMjlEayugQ1mzpSqr7uf89+BzjTzuZKERmOsEAmewLbxw==}
    engines: {node: '>=14.0.0'}
    dependencies:
      '@smithy/eventstream-serde-universal': 2.0.12
      '@smithy/types': 2.4.0
      tslib: 2.6.2
    dev: false

  /@smithy/eventstream-serde-universal@2.0.12:
    resolution: {integrity: sha512-xZ3ZNpCxIND+q+UCy7y1n1/5VQEYicgSTNCcPqsKawX+Vd+6OcFX7gUHMyPzL8cZr+GdmJuxNleqHlH4giK2tw==}
    engines: {node: '>=14.0.0'}
    dependencies:
      '@smithy/eventstream-codec': 2.0.12
      '@smithy/types': 2.4.0
      tslib: 2.6.2
    dev: false

  /@smithy/fetch-http-handler@2.2.4:
    resolution: {integrity: sha512-gIPRFEGi+c6V52eauGKrjDzPWF2Cu7Z1r5F8A3j2wcwz25sPG/t8kjsbEhli/tS/2zJp/ybCZXe4j4ro3yv/HA==}
    dependencies:
      '@smithy/protocol-http': 3.0.8
      '@smithy/querystring-builder': 2.0.12
      '@smithy/types': 2.4.0
      '@smithy/util-base64': 2.0.0
      tslib: 2.6.2
    dev: false

  /@smithy/hash-blob-browser@2.0.12:
    resolution: {integrity: sha512-riLnV16f27yyePX8UF0deRHAeccUK8SrOxyTykSTrnVkgS3DsjNapZtTbd8OGNKEbI60Ncdb5GwN3rHZudXvog==}
    dependencies:
      '@smithy/chunked-blob-reader': 2.0.0
      '@smithy/chunked-blob-reader-native': 2.0.0
      '@smithy/types': 2.4.0
      tslib: 2.6.2
    dev: false

  /@smithy/hash-node@2.0.12:
    resolution: {integrity: sha512-fDZnTr5j9t5qcbeJ037aMZXxMka13Znqwrgy3PAqYj6Dm3XHXHftTH3q+NWgayUxl1992GFtQt1RuEzRMy3NnQ==}
    engines: {node: '>=14.0.0'}
    dependencies:
      '@smithy/types': 2.4.0
      '@smithy/util-buffer-from': 2.0.0
      '@smithy/util-utf8': 2.0.0
      tslib: 2.6.2
    dev: false

  /@smithy/hash-stream-node@2.0.12:
    resolution: {integrity: sha512-x/DrSynPKrW0k00q7aZ/vy531a3mRw79mOajHp+cIF0TrA1SqEMFoy/B8X0XtoAtlJWt/vvgeDNqt/KAeaAqMw==}
    engines: {node: '>=14.0.0'}
    dependencies:
      '@smithy/types': 2.4.0
      '@smithy/util-utf8': 2.0.0
      tslib: 2.6.2
    dev: false

  /@smithy/invalid-dependency@2.0.12:
    resolution: {integrity: sha512-p5Y+iMHV3SoEpy3VSR7mifbreHQwVSvHSAz/m4GdoXfOzKzaYC8hYv10Ks7Deblkf7lhas8U+lAp9ThbBM+ZXA==}
    dependencies:
      '@smithy/types': 2.4.0
      tslib: 2.6.2
    dev: false

  /@smithy/is-array-buffer@2.0.0:
    resolution: {integrity: sha512-z3PjFjMyZNI98JFRJi/U0nGoLWMSJlDjAW4QUX2WNZLas5C0CmVV6LJ01JI0k90l7FvpmixjWxPFmENSClQ7ug==}
    engines: {node: '>=14.0.0'}
    dependencies:
      tslib: 2.6.2
    dev: false

  /@smithy/md5-js@2.0.12:
    resolution: {integrity: sha512-OgDt+Xnrw+W5z3MSl5KZZzebqmXrYl9UdbCiBYnnjErmNywwSjV6QB/Oic3/7hnsPniSU81n7Rvlhz2kH4EREQ==}
    dependencies:
      '@smithy/types': 2.4.0
      '@smithy/util-utf8': 2.0.0
      tslib: 2.6.2
    dev: false

  /@smithy/middleware-content-length@2.0.14:
    resolution: {integrity: sha512-poUNgKTw9XwPXfX9nEHpVgrMNVpaSMZbshqvPxFVoalF4wp6kRzYKOfdesSVectlQ51VtigoLfbXcdyPwvxgTg==}
    engines: {node: '>=14.0.0'}
    dependencies:
      '@smithy/protocol-http': 3.0.8
      '@smithy/types': 2.4.0
      tslib: 2.6.2
    dev: false

  /@smithy/middleware-endpoint@2.1.3:
    resolution: {integrity: sha512-ZrQ0/YX6hNVTxqMEHtEaDbDv6pNeEji/a5Vk3HuFC5R3ZY8lfoATyxmOGxBVYnF3NUvZLNC7umEv1WzWGWvCGQ==}
    engines: {node: '>=14.0.0'}
    dependencies:
      '@smithy/middleware-serde': 2.0.12
      '@smithy/node-config-provider': 2.1.3
      '@smithy/shared-ini-file-loader': 2.2.2
      '@smithy/types': 2.4.0
      '@smithy/url-parser': 2.0.12
      '@smithy/util-middleware': 2.0.5
      tslib: 2.6.2
    dev: false

  /@smithy/middleware-retry@2.0.18:
    resolution: {integrity: sha512-VyrHQRldGSb3v9oFOB5yPxmLT7U2sQic2ytylOnYlnsmVOLlFIaI6sW22c+w2675yq+XZ6HOuzV7x2OBYCWRNA==}
    engines: {node: '>=14.0.0'}
    dependencies:
      '@smithy/node-config-provider': 2.1.3
      '@smithy/protocol-http': 3.0.8
      '@smithy/service-error-classification': 2.0.5
      '@smithy/types': 2.4.0
      '@smithy/util-middleware': 2.0.5
      '@smithy/util-retry': 2.0.5
      tslib: 2.6.2
      uuid: 8.3.2
    dev: false

  /@smithy/middleware-serde@2.0.12:
    resolution: {integrity: sha512-IBeco157lIScecq2Z+n0gq56i4MTnfKxS7rbfrAORveDJgnbBAaEQgYqMqp/cYqKrpvEXcyTjwKHrBjCCIZh2A==}
    engines: {node: '>=14.0.0'}
    dependencies:
      '@smithy/types': 2.4.0
      tslib: 2.6.2
    dev: false

  /@smithy/middleware-stack@2.0.6:
    resolution: {integrity: sha512-YSvNZeOKWLJ0M/ycxwDIe2Ztkp6Qixmcml1ggsSv2fdHKGkBPhGrX5tMzPGMI1yyx55UEYBi2OB4s+RriXX48A==}
    engines: {node: '>=14.0.0'}
    dependencies:
      '@smithy/types': 2.4.0
      tslib: 2.6.2
    dev: false

  /@smithy/node-config-provider@2.1.3:
    resolution: {integrity: sha512-J6lXvRHGVnSX3n1PYi+e1L5HN73DkkJpUviV3Ebf+8wSaIjAf+eVNbzyvh/S5EQz7nf4KVfwbD5vdoZMAthAEQ==}
    engines: {node: '>=14.0.0'}
    dependencies:
      '@smithy/property-provider': 2.0.13
      '@smithy/shared-ini-file-loader': 2.2.2
      '@smithy/types': 2.4.0
      tslib: 2.6.2
    dev: false

  /@smithy/node-http-handler@2.1.8:
    resolution: {integrity: sha512-KZylM7Wff/So5SmCiwg2kQNXJ+RXgz34wkxS7WNwIUXuZrZZpY/jKJCK+ZaGyuESDu3TxcaY+zeYGJmnFKbQsA==}
    engines: {node: '>=14.0.0'}
    dependencies:
      '@smithy/abort-controller': 2.0.12
      '@smithy/protocol-http': 3.0.8
      '@smithy/querystring-builder': 2.0.12
      '@smithy/types': 2.4.0
      tslib: 2.6.2
    dev: false

  /@smithy/property-provider@2.0.13:
    resolution: {integrity: sha512-VJqUf2CbsQX6uUiC5dUPuoEATuFjkbkW3lJHbRnpk9EDC9X+iKqhfTK+WP+lve5EQ9TcCI1Q6R7hrg41FyC54w==}
    engines: {node: '>=14.0.0'}
    dependencies:
      '@smithy/types': 2.4.0
      tslib: 2.6.2
    dev: false

  /@smithy/protocol-http@3.0.8:
    resolution: {integrity: sha512-SHJvYeWq8q0FK8xHk+xjV9dzDUDjFMT+G1pZbV+XB6OVoac/FSVshlMNPeUJ8AmSkcDKHRu5vASnRqZHgD3qhw==}
    engines: {node: '>=14.0.0'}
    dependencies:
      '@smithy/types': 2.4.0
      tslib: 2.6.2
    dev: false

  /@smithy/querystring-builder@2.0.12:
    resolution: {integrity: sha512-cDbF07IuCjiN8CdGvPzfJjXIrmDSelScRfyJYrYBNBbKl2+k7QD/KqiHhtRyEKgID5mmEVrV6KE6L/iPJ98sFw==}
    engines: {node: '>=14.0.0'}
    dependencies:
      '@smithy/types': 2.4.0
      '@smithy/util-uri-escape': 2.0.0
      tslib: 2.6.2
    dev: false

  /@smithy/querystring-parser@2.0.12:
    resolution: {integrity: sha512-fytyTcXaMzPBuNtPlhj5v6dbl4bJAnwKZFyyItAGt4Tgm9HFPZNo7a9r1SKPr/qdxUEBzvL9Rh+B9SkTX3kFxg==}
    engines: {node: '>=14.0.0'}
    dependencies:
      '@smithy/types': 2.4.0
      tslib: 2.6.2
    dev: false

  /@smithy/service-error-classification@2.0.5:
    resolution: {integrity: sha512-M0SeJnEgD2ywJyV99Fb1yKFzmxDe9JfpJiYTVSRMyRLc467BPU0qsuuDPzMCdB1mU8M8u1rVOdkqdoyFN8UFTw==}
    engines: {node: '>=14.0.0'}
    dependencies:
      '@smithy/types': 2.4.0
    dev: false

  /@smithy/shared-ini-file-loader@2.2.2:
    resolution: {integrity: sha512-noyQUPn7b1M8uB0GEXc/Zyxq+5K2b7aaqWnLp+hgJ7+xu/FCvtyWy5eWLDjQEsHnAet2IZhS5QF8872OR69uNg==}
    engines: {node: '>=14.0.0'}
    dependencies:
      '@smithy/types': 2.4.0
      tslib: 2.6.2
    dev: false

  /@smithy/signature-v4@2.0.12:
    resolution: {integrity: sha512-6Kc2lCZEVmb1nNYngyNbWpq0d82OZwITH11SW/Q0U6PX5fH7B2cIcFe7o6eGEFPkTZTP8itTzmYiGcECL0D0Lw==}
    engines: {node: '>=14.0.0'}
    dependencies:
      '@smithy/eventstream-codec': 2.0.12
      '@smithy/is-array-buffer': 2.0.0
      '@smithy/types': 2.4.0
      '@smithy/util-hex-encoding': 2.0.0
      '@smithy/util-middleware': 2.0.5
      '@smithy/util-uri-escape': 2.0.0
      '@smithy/util-utf8': 2.0.0
      tslib: 2.6.2
    dev: false

  /@smithy/smithy-client@2.1.12:
    resolution: {integrity: sha512-XXqhridfkKnpj+lt8vM6HRlZbqUAqBjVC74JIi13F/AYQd/zTj9SOyGfxnbp4mjY9q28LityxIuV8CTinr9r5w==}
    engines: {node: '>=14.0.0'}
    dependencies:
      '@smithy/middleware-stack': 2.0.6
      '@smithy/types': 2.4.0
      '@smithy/util-stream': 2.0.17
      tslib: 2.6.2
    dev: false

  /@smithy/types@2.4.0:
    resolution: {integrity: sha512-iH1Xz68FWlmBJ9vvYeHifVMWJf82ONx+OybPW8ZGf5wnEv2S0UXcU4zwlwJkRXuLKpcSLHrraHbn2ucdVXLb4g==}
    engines: {node: '>=14.0.0'}
    dependencies:
      tslib: 2.6.2
    dev: false

  /@smithy/url-parser@2.0.12:
    resolution: {integrity: sha512-qgkW2mZqRvlNUcBkxYB/gYacRaAdck77Dk3/g2iw0S9F0EYthIS3loGfly8AwoWpIvHKhkTsCXXQfzksgZ4zIA==}
    dependencies:
      '@smithy/querystring-parser': 2.0.12
      '@smithy/types': 2.4.0
      tslib: 2.6.2
    dev: false

  /@smithy/util-base64@2.0.0:
    resolution: {integrity: sha512-Zb1E4xx+m5Lud8bbeYi5FkcMJMnn+1WUnJF3qD7rAdXpaL7UjkFQLdmW5fHadoKbdHpwH9vSR8EyTJFHJs++tA==}
    engines: {node: '>=14.0.0'}
    dependencies:
      '@smithy/util-buffer-from': 2.0.0
      tslib: 2.6.2
    dev: false

  /@smithy/util-body-length-browser@2.0.0:
    resolution: {integrity: sha512-JdDuS4ircJt+FDnaQj88TzZY3+njZ6O+D3uakS32f2VNnDo3vyEuNdBOh/oFd8Df1zSZOuH1HEChk2AOYDezZg==}
    dependencies:
      tslib: 2.6.2
    dev: false

  /@smithy/util-body-length-node@2.1.0:
    resolution: {integrity: sha512-/li0/kj/y3fQ3vyzn36NTLGmUwAICb7Jbe/CsWCktW363gh1MOcpEcSO3mJ344Gv2dqz8YJCLQpb6hju/0qOWw==}
    engines: {node: '>=14.0.0'}
    dependencies:
      tslib: 2.6.2
    dev: false

  /@smithy/util-buffer-from@2.0.0:
    resolution: {integrity: sha512-/YNnLoHsR+4W4Vf2wL5lGv0ksg8Bmk3GEGxn2vEQt52AQaPSCuaO5PM5VM7lP1K9qHRKHwrPGktqVoAHKWHxzw==}
    engines: {node: '>=14.0.0'}
    dependencies:
      '@smithy/is-array-buffer': 2.0.0
      tslib: 2.6.2
    dev: false

  /@smithy/util-config-provider@2.0.0:
    resolution: {integrity: sha512-xCQ6UapcIWKxXHEU4Mcs2s7LcFQRiU3XEluM2WcCjjBtQkUN71Tb+ydGmJFPxMUrW/GWMgQEEGipLym4XG0jZg==}
    engines: {node: '>=14.0.0'}
    dependencies:
      tslib: 2.6.2
    dev: false

  /@smithy/util-defaults-mode-browser@2.0.16:
    resolution: {integrity: sha512-Uv5Cu8nVkuvLn0puX+R9zWbSNpLIR3AxUlPoLJ7hC5lvir8B2WVqVEkJLwtixKAncVLasnTVjPDCidtAUTGEQw==}
    engines: {node: '>= 10.0.0'}
    dependencies:
      '@smithy/property-provider': 2.0.13
      '@smithy/smithy-client': 2.1.12
      '@smithy/types': 2.4.0
      bowser: 2.11.0
      tslib: 2.6.2
    dev: false

  /@smithy/util-defaults-mode-node@2.0.21:
    resolution: {integrity: sha512-cUEsttVZ79B7Al2rWK2FW03HBpD9LyuqFtm+1qFty5u9sHSdesr215gS2Ln53fTopNiPgeXpdoM3IgjvIO0rJw==}
    engines: {node: '>= 10.0.0'}
    dependencies:
      '@smithy/config-resolver': 2.0.16
      '@smithy/credential-provider-imds': 2.0.18
      '@smithy/node-config-provider': 2.1.3
      '@smithy/property-provider': 2.0.13
      '@smithy/smithy-client': 2.1.12
      '@smithy/types': 2.4.0
      tslib: 2.6.2
    dev: false

  /@smithy/util-endpoints@1.0.2:
    resolution: {integrity: sha512-QEdq+sP68IJHAMVB2ugKVVZEWeKQtZLuf+akHzc8eTVElsZ2ZdVLWC6Cp+uKjJ/t4yOj1qu6ZzyxJQEQ8jdEjg==}
    engines: {node: '>= 14.0.0'}
    dependencies:
      '@smithy/node-config-provider': 2.1.3
      '@smithy/types': 2.4.0
      tslib: 2.6.2
    dev: false

  /@smithy/util-hex-encoding@2.0.0:
    resolution: {integrity: sha512-c5xY+NUnFqG6d7HFh1IFfrm3mGl29lC+vF+geHv4ToiuJCBmIfzx6IeHLg+OgRdPFKDXIw6pvi+p3CsscaMcMA==}
    engines: {node: '>=14.0.0'}
    dependencies:
      tslib: 2.6.2
    dev: false

  /@smithy/util-middleware@2.0.5:
    resolution: {integrity: sha512-1lyT3TcaMJQe+OFfVI+TlomDkPuVzb27NZYdYtmSTltVmLaUjdCyt4KE+OH1CnhZKsz4/cdCL420Lg9UH5Z2Mw==}
    engines: {node: '>=14.0.0'}
    dependencies:
      '@smithy/types': 2.4.0
      tslib: 2.6.2
    dev: false

  /@smithy/util-retry@2.0.5:
    resolution: {integrity: sha512-x3t1+MQAJ6QONk3GTbJNcugCFDVJ+Bkro5YqQQK1EyVesajNDqxFtCx9WdOFNGm/Cbm7tUdwVEmfKQOJoU2Vtw==}
    engines: {node: '>= 14.0.0'}
    dependencies:
      '@smithy/service-error-classification': 2.0.5
      '@smithy/types': 2.4.0
      tslib: 2.6.2
    dev: false

  /@smithy/util-stream@2.0.17:
    resolution: {integrity: sha512-fP/ZQ27rRvHsqItds8yB7jerwMpZFTL3QqbQbidUiG0+mttMoKdP0ZqnvM8UK5q0/dfc3/pN7g4XKPXOU7oRWw==}
    engines: {node: '>=14.0.0'}
    dependencies:
      '@smithy/fetch-http-handler': 2.2.4
      '@smithy/node-http-handler': 2.1.8
      '@smithy/types': 2.4.0
      '@smithy/util-base64': 2.0.0
      '@smithy/util-buffer-from': 2.0.0
      '@smithy/util-hex-encoding': 2.0.0
      '@smithy/util-utf8': 2.0.0
      tslib: 2.6.2
    dev: false

  /@smithy/util-uri-escape@2.0.0:
    resolution: {integrity: sha512-ebkxsqinSdEooQduuk9CbKcI+wheijxEb3utGXkCoYQkJnwTnLbH1JXGimJtUkQwNQbsbuYwG2+aFVyZf5TLaw==}
    engines: {node: '>=14.0.0'}
    dependencies:
      tslib: 2.6.2
    dev: false

  /@smithy/util-utf8@2.0.0:
    resolution: {integrity: sha512-rctU1VkziY84n5OXe3bPNpKR001ZCME2JCaBBFgtiM2hfKbHFudc/BkMuPab8hRbLd0j3vbnBTTZ1igBf0wgiQ==}
    engines: {node: '>=14.0.0'}
    dependencies:
      '@smithy/util-buffer-from': 2.0.0
      tslib: 2.6.2
    dev: false

  /@smithy/util-waiter@2.0.12:
    resolution: {integrity: sha512-3sENmyVa1NnOPoiT2NCApPmu7ukP7S/v7kL9IxNmnygkDldn7/yK0TP42oPJLwB2k3mospNsSePIlqdXEUyPHA==}
    engines: {node: '>=14.0.0'}
    dependencies:
      '@smithy/abort-controller': 2.0.12
      '@smithy/types': 2.4.0
      tslib: 2.6.2
    dev: false

  /@vercel/ncc@0.38.1:
    resolution: {integrity: sha512-IBBb+iI2NLu4VQn3Vwldyi2QwaXt5+hTyh58ggAMoCGE6DJmPvwL3KPBWcJl1m9LYPChBLE980Jw+CS4Wokqxw==}
    hasBin: true
    dev: true

  /bowser@2.11.0:
    resolution: {integrity: sha512-AlcaJBi/pqqJBIQ8U9Mcpc9i8Aqxn88Skv5d+xBX006BY5u8N3mGLHa5Lgppa7L/HfwgwLgZ6NYs+Ag6uUmJRA==}
    dev: false

  /fast-xml-parser@4.2.5:
    resolution: {integrity: sha512-B9/wizE4WngqQftFPmdaMYlXoJlJOYxGQOanC77fq9k8+Z0v5dDSVh+3glErdIROP//s/jgb7ZuxKfB8nVyo0g==}
    hasBin: true
    dependencies:
      strnum: 1.0.5
    dev: false

  /graceful-fs@4.2.11:
    resolution: {integrity: sha512-RbJ5/jmFcNNCcDV5o9eTnBLJ/HszWV0P73bc+Ff4nS/rJj+YaS6IGyiOL0VoBYX+l1Wrl3k63h/KrH+nhJ0XvQ==}
    dev: false

  /klaw-sync@6.0.0:
    resolution: {integrity: sha512-nIeuVSzdCCs6TDPTqI8w1Yre34sSq7AkZ4B3sfOBbI2CgVSB4Du4aLQijFU2+lhAFCwt9+42Hel6lQNIv6AntQ==}
    dependencies:
      graceful-fs: 4.2.11
    dev: false

  /mime-db@1.52.0:
    resolution: {integrity: sha512-sPU4uV7dYlvtWJxwwxHD0PuihVNiE7TyAbQ5SWxDCB9mUYvOgroQOwYQQOKPJ8CIbE+1ETVlOoK1UC2nU3gYvg==}
    engines: {node: '>= 0.6'}
    dev: false

  /mime-types@2.1.35:
    resolution: {integrity: sha512-ZDY+bPm5zTTF+YpCrAU9nK0UgICYPT0QtT1NZWFv4s++TNkcgVaT0g6+4R2uI4MjQjzysHB1zxuWL50hzaeXiw==}
    engines: {node: '>= 0.6'}
    dependencies:
      mime-db: 1.52.0
    dev: false

  /strnum@1.0.5:
    resolution: {integrity: sha512-J8bbNyKKXl5qYcR36TIO8W3mVGVHrmmxsd5PAItGkmyzwJvybiw2IVq5nqd0i4LSNSkB/sx9VHllbfFdr9k1JA==}
    dev: false

  /tslib@1.14.1:
    resolution: {integrity: sha512-Xni35NKzjgMrwevysHTCArtLDpPvye8zV/0E4EyYn43P7/7qvQwPh9BGkHewbMulVntbigmcT7rdX3BNo9wRJg==}
    dev: false

  /tslib@2.6.2:
    resolution: {integrity: sha512-AEYxH93jGFPn/a2iVAwW87VuUIkR1FVUKB77NwMF7nBTDkDrrT/Hpt/IrCJ0QXhW27jTBDcf5ZY7w6RiqTMw2Q==}
    dev: false

  /tunnel@0.0.6:
    resolution: {integrity: sha512-1h/Lnq9yajKY2PEbBadPXj3VxsDDu844OnaAo52UVmIzIvwwtBPIuNvkjuzBlTWpfJyUbG3ez0KSBibQkj4ojg==}
    engines: {node: '>=0.6.11 <=0.7.0 || >=0.7.3'}
    dev: false

  /undici@5.27.2:
    resolution: {integrity: sha512-iS857PdOEy/y3wlM3yRp+6SNQQ6xU0mmZcwRSriqk+et/cwWAtwmIGf6WkoDN2EK/AMdCO/dfXzIwi+rFMrjjQ==}
    engines: {node: '>=14.0'}
    dependencies:
      '@fastify/busboy': 2.0.0
    dev: false

  /uuid@8.3.2:
    resolution: {integrity: sha512-+NYs2QeMWy+GWFOEm9xnn6HCDp0l7QBD7ml8zLUmJ+93Q5NF0NocErnwkTkXVFNiX3/fpC6afS8Dhb/gz7R7eg==}
    hasBin: true
    dev: false
